{
  "object": {
    "pins": [
      {
        "package": "SwiftCLI",
        "repositoryURL": "https://github.com/jakeheis/SwiftCLI",
        "state": {
          "branch": null,
          "revision": "4aef26a3edfefd46bdf71140251ec612bc685211",
          "version": "4.3.2"
        }
      }
    ]
  },
  "version": 1
}
